
Microsoft Visual Studio Solution File, Format Version 12.00
# Visual Studio 2012
Project("{FAE04EC0-301F-11D3-BF4B-00C04F79EFBC}") = "Test", "Test.csproj", "{6C117E59-9811-40CF-92C0-A44FAEF74C87}"
EndProject
Global
	GlobalSection(SolutionConfigurationPlatforms) = preSolution
		Debug|Any CPU = Debug|Any CPU
		Release|Any CPU = Release|Any CPU
	EndGlobalSection
	GlobalSection(ProjectConfigurationPlatforms) = postSolution
		{6C117E59-9811-40CF-92C0-A44FAEF74C87}.Debug|Any CPU.ActiveCfg = Debug|Any CPU
		{6C117E59-9811-40CF-92C0-A44FAEF74C87}.Debug|Any CPU.Build.0 = Debug|Any CPU
		{6C117E59-9811-40CF-92C0-A44FAEF74C87}.Release|Any CPU.ActiveCfg = Release|Any CPU
		{6C117E59-9811-40CF-92C0-A44FAEF74C87}.Release|Any CPU.Build.0 = Release|Any CPU
	EndGlobalSection
EndGlobal
